# This file is generated by running "yarn install" inside your project.
# Manual changes might be lost - proceed with caution!

__metadata:
  version: 7
  cacheKey: 9

"@types/aws-lambda@npm:^8.10.92":
  version: 8.10.119
  resolution: "@types/aws-lambda@npm:8.10.119"
  checksum: 778f5f8beceb66ac6436d9b43e33dfdcc71b9ce0b078d220e6b6688da8cbdf63721e396e4b789c7babe34da04509ae64e56e1f19d516dc6f3624751453f5a091
  languageName: node
  linkType: hard

"available-typed-arrays@npm:^1.0.5":
  version: 1.0.5
  resolution: "available-typed-arrays@npm:1.0.5"
  checksum: 6b301a7ec3da82181c73101395cc915c049bbcba7e5f354809dab60c5b492440929328eeb73c07431ef8e35e6fa5af505690b20ed91f548d3bac1a456d458a78
  languageName: node
  linkType: hard

"aws-sdk@npm:^2.1402.0":
  version: 2.1439.0
  resolution: "aws-sdk@npm:2.1439.0"
  dependencies:
    buffer: "npm:4.9.2"
    events: "npm:1.1.1"
    ieee754: "npm:1.1.13"
    jmespath: "npm:0.16.0"
    querystring: "npm:0.2.0"
    sax: "npm:1.2.1"
    url: "npm:0.10.3"
    util: "npm:^0.12.4"
    uuid: "npm:8.0.0"
    xml2js: "npm:0.5.0"
  checksum: b9598a6f8e76ad14a63b9548500a1d09be6cc013be614dbd073804beb45a546693fa5f82c4aacba5013699e377ca7cff147c938ccec2ae2ceaaca39c827f8556
  languageName: node
  linkType: hard

"base64-js@npm:^1.0.2":
  version: 1.5.1
  resolution: "base64-js@npm:1.5.1"
  checksum: fbd7996978cfe0dd378103fa8999e4acee99b8840d49f452457fa8cb418bad4c20ec9ef6b196a0dc63591f0416a4b8c8d220607292cdaf3998b88685bc0f6c14
  languageName: node
  linkType: hard

"buffer@npm:4.9.2":
  version: 4.9.2
  resolution: "buffer@npm:4.9.2"
  dependencies:
    base64-js: "npm:^1.0.2"
    ieee754: "npm:^1.1.4"
    isarray: "npm:^1.0.0"
  checksum: baf84376f2cbef25d119e811a0f4188a8a03c2f0915d7062f3e32be1cb962a5b1bfc0bcc5f828b3203a2448b5b3beb96a40302e14133e741f476ebd59090b95e
  languageName: node
  linkType: hard

"call-bind@npm:^1.0.2":
  version: 1.0.2
  resolution: "call-bind@npm:1.0.2"
  dependencies:
    function-bind: "npm:^1.1.1"
    get-intrinsic: "npm:^1.0.2"
  checksum: 6fccea8a00310bf2e2b2a07aca0eddbdcd5de2eec9dfe880c1c8b0b7fd3c6809bf28aab0209aa530a35a2fba48587733521df7f83f8d5354047afed78b69a36b
  languageName: node
  linkType: hard

"events@npm:1.1.1":
  version: 1.1.1
  resolution: "events@npm:1.1.1"
  checksum: 40e2695b33fe7bb9d117fd3c5497339dbe7caa072fbe04c5baf51e4a2661c479ba9f6dc5e8c9613764ed6a72295b85dc46d01ec49581e2468ab3e1895ce8700c
  languageName: node
  linkType: hard

"for-each@npm:^0.3.3":
  version: 0.3.3
  resolution: "for-each@npm:0.3.3"
  dependencies:
    is-callable: "npm:^1.1.3"
  checksum: dc4e3e28f5ee9472680b6361a85d0d27aa1e8ddbd1720dfb680020456cddc142ee7ba69145921fe12c4ec2d7740f12c1c6c7f90ecdd7ca2b39c7fcd8bc506ad6
  languageName: node
  linkType: hard

"function-bind@npm:^1.1.1":
  version: 1.1.1
  resolution: "function-bind@npm:1.1.1"
  checksum: 8a644b8118679030cb3aeb783b024a9ee358b15c5780bdb49fe5d482f6df54672bda860e19bce87d756a5e165740caaa96f5e8487fa98933c327f631e23a5490
  languageName: node
  linkType: hard

"get-intrinsic@npm:^1.0.2, get-intrinsic@npm:^1.1.3":
  version: 1.2.1
  resolution: "get-intrinsic@npm:1.2.1"
  dependencies:
    function-bind: "npm:^1.1.1"
    has: "npm:^1.0.3"
    has-proto: "npm:^1.0.1"
    has-symbols: "npm:^1.0.3"
  checksum: d1d5511cfe4fc46c1a7ec7e127cb4ac0b9e131124282724d7bd94ae5014db5d12403e6873dfd5feeca44cd57baa39f8b4dbda2147ec9bb3533a7d02ab033e352
  languageName: node
  linkType: hard

"getrestaurantmetaamplifyapiv3@workspace:.":
  version: 0.0.0-use.local
  resolution: "getrestaurantmetaamplifyapiv3@workspace:."
  dependencies:
    "@types/aws-lambda": "npm:^8.10.92"
    aws-sdk: "npm:^2.1402.0"
  languageName: unknown
  linkType: soft

"gopd@npm:^1.0.1":
  version: 1.0.1
  resolution: "gopd@npm:1.0.1"
  dependencies:
    get-intrinsic: "npm:^1.1.3"
  checksum: c29f62be0655b0fb6d12d1ba77b1a40fee46fbb80f0a27e0538b696a0ac057899dd997b5aaf3c6daa02bd51af93ec7b8fe2ef7bbb44945c1ea3cf640e4b66cf7
  languageName: node
  linkType: hard

"has-proto@npm:^1.0.1":
  version: 1.0.1
  resolution: "has-proto@npm:1.0.1"
  checksum: 0aa0de6013c2132a79fb8b885dc0274b99362807195bed0c69e2469eb0de41bf1695067d5e41adcd4bbd8daed8684250716c55db17478249f225ae3d0846e6bf
  languageName: node
  linkType: hard

"has-symbols@npm:^1.0.2, has-symbols@npm:^1.0.3":
  version: 1.0.3
  resolution: "has-symbols@npm:1.0.3"
  checksum: 2d0abb3382da2945b1b8d9a4afebc8a0770fe07198e727b4fbd7f616c70796f040bf2bd8d6db47e0c590507812a2680594fc77f871238289f6c7870318cf62c9
  languageName: node
  linkType: hard

"has-tostringtag@npm:^1.0.0":
  version: 1.0.0
  resolution: "has-tostringtag@npm:1.0.0"
  dependencies:
    has-symbols: "npm:^1.0.2"
  checksum: b0091adb3db09932e228b5df39275018c5506ef5c5037beb691afe019919d174a79a14f1fc572e2b341e0ce3feaca49a84ed8fc331bb707325d8a7c4289cf729
  languageName: node
  linkType: hard

"has@npm:^1.0.3":
  version: 1.0.3
  resolution: "has@npm:1.0.3"
  dependencies:
    function-bind: "npm:^1.1.1"
  checksum: 3e8c4d87ccd9c160d61a5db829b5fb647acac79e482476c857d5d1dc580517c6a77cf84337808f28361f6263008ce1ce5aff44407bd9241af93c623ef8d8d4f1
  languageName: node
  linkType: hard

"ieee754@npm:1.1.13":
  version: 1.1.13
  resolution: "ieee754@npm:1.1.13"
  checksum: 49d53ff5f9ac31f760044f784eb30b5a3b44b005f63eaa687be3103f80b89fd8f6323f89d8276180156dedf088b2857f86998a82a6bb00d36393cf53928f3491
  languageName: node
  linkType: hard

"ieee754@npm:^1.1.4":
  version: 1.2.1
  resolution: "ieee754@npm:1.2.1"
  checksum: b39fbc42879544ab1989f8ff439a3f3545d7c244a07f24607c4223291ba82ce95964a7b7fde24010ba899937046c4dfe01398c8f8bbddb53f9e562c29f18f615
  languageName: node
  linkType: hard

"inherits@npm:^2.0.3":
  version: 2.0.4
  resolution: "inherits@npm:2.0.4"
  checksum: ca76c7e45ec715bfe6c1dd67b780b9a15068f37b37ab56cf8b773537b2654238469a42950f5f4d301212755e7512be888f627752e778e1863d95cfedefc8b8bd
  languageName: node
  linkType: hard

"is-arguments@npm:^1.0.4":
  version: 1.1.1
  resolution: "is-arguments@npm:1.1.1"
  dependencies:
    call-bind: "npm:^1.0.2"
    has-tostringtag: "npm:^1.0.0"
  checksum: 3eae41e0267725f644140c795cdcefd265f2ed9f946d4e114b4ccf1f255f42afccfb6f8d79b0124e16cf59ec05841288439435140f9a4450d701f74a271c649c
  languageName: node
  linkType: hard

"is-callable@npm:^1.1.3":
  version: 1.2.7
  resolution: "is-callable@npm:1.2.7"
  checksum: 39d7787a6cd66d620ee4e9d09bb36587c29b39f50550d27dd7bea1d0d46b2a87ad9ac2b3d11f751836f08befc20afc4cb36201de1de26aaf02f298c8c512c102
  languageName: node
  linkType: hard

"is-generator-function@npm:^1.0.7":
  version: 1.0.10
  resolution: "is-generator-function@npm:1.0.10"
  dependencies:
    has-tostringtag: "npm:^1.0.0"
  checksum: 5ddb05cd61c043348eaee42bd003d52fa2307827dd1690e6cdb6b205a6b62750f4e41d34d0a6a84793dda6dc6b147405e0ba349e631996beea00631302e36294
  languageName: node
  linkType: hard

"is-typed-array@npm:^1.1.3":
  version: 1.1.12
  resolution: "is-typed-array@npm:1.1.12"
  dependencies:
    which-typed-array: "npm:^1.1.11"
  checksum: bbc1e04914affd083808bb10a49b30e59106367560b5a20a696f277f47cd1a96263eda2bc5193811f8cb5677e247865bd8f77863864b2db687d956f059509e5d
  languageName: node
  linkType: hard

"isarray@npm:^1.0.0":
  version: 1.0.0
  resolution: "isarray@npm:1.0.0"
  checksum: 7b41a2a80d6285328dddeecd3e45a5c73264e8ff8817bb7dc39f6f47323dfaa28e27c13918aac4aa88e48800a4f1eee2e5e966da433e06085ef0a7592dcf6880
  languageName: node
  linkType: hard

"jmespath@npm:0.16.0":
  version: 0.16.0
  resolution: "jmespath@npm:0.16.0"
  checksum: b4c55b3ad888ff23161166798db7ae28664b3913442193909df9bc2b9f13f9f9a64a0a9713bf08db477051a3af17be52715f050ad6cfe948250effa0555cb06b
  languageName: node
  linkType: hard

"punycode@npm:1.3.2":
  version: 1.3.2
  resolution: "punycode@npm:1.3.2"
  checksum: 55b7339478c7e0debfd563c404beb7c9af30f24e191bd728688523cf1dd901977acdb8bd9c6e1005d3d2fc0f40c7f907006735b139ad1cf595c16e071a1fd65a
  languageName: node
  linkType: hard

"querystring@npm:0.2.0":
  version: 0.2.0
  resolution: "querystring@npm:0.2.0"
  checksum: 5804c20d7ebf914b26b9fe3c9a4b4b3104d7ee803106ac7bd35b9edffdcd844ca3d4aceaf5e0b39654b6939ceeadebafb3a3975346cf98f7accea19aa97f04fa
  languageName: node
  linkType: hard

"sax@npm:1.2.1":
  version: 1.2.1
  resolution: "sax@npm:1.2.1"
  checksum: 379d2760898397b9d026ed5d465125c135d4e8a1be6309764f4d9aeddd593cd38e2d5e0bb998ec80e5021e24a89a57644eae19e23463c6807d4c0ca76295c225
  languageName: node
  linkType: hard

"sax@npm:>=0.6.0":
  version: 1.2.4
  resolution: "sax@npm:1.2.4"
  checksum: 2917c3ef3cab1307aa14036705b599c7fd1b51756189e67bd1f23193cdc5ceac9bd59104830542cfb6326febfd1dce73acc08fecfa615c4c920c94a9a6ccbda4
  languageName: node
  linkType: hard

"url@npm:0.10.3":
  version: 0.10.3
  resolution: "url@npm:0.10.3"
  dependencies:
    punycode: "npm:1.3.2"
    querystring: "npm:0.2.0"
  checksum: 23ffc82bea6e5635bfcdbf550abf43583c14a12cda6274aedaebba501d97ea5c96c872bdb7486d202f142c84e3f5034b70d2662e15522aca3cedf57da6879c17
  languageName: node
  linkType: hard

"util@npm:^0.12.4":
  version: 0.12.5
  resolution: "util@npm:0.12.5"
  dependencies:
    inherits: "npm:^2.0.3"
    is-arguments: "npm:^1.0.4"
    is-generator-function: "npm:^1.0.7"
    is-typed-array: "npm:^1.1.3"
    which-typed-array: "npm:^1.1.2"
  checksum: b64a6d3e8ab48037b0f3fb38b6df96e180ab8c430d49386be8444fa2402f26450239bc1fd13aa29c02f3165be380f01aaf88eadb284e77f14df63664a5536e92
  languageName: node
  linkType: hard

"uuid@npm:8.0.0":
  version: 8.0.0
  resolution: "uuid@npm:8.0.0"
  bin:
    uuid: dist/bin/uuid
  checksum: 9227738621263f66c5241bb82b66b59d648579ee4da79ad96cae0dc4a9255f293dd6741fe24a7e38693829e15576988d55f5d36e37a291d2da0596883b748cb0
  languageName: node
  linkType: hard

"which-typed-array@npm:^1.1.11, which-typed-array@npm:^1.1.2":
  version: 1.1.11
  resolution: "which-typed-array@npm:1.1.11"
  dependencies:
    available-typed-arrays: "npm:^1.0.5"
    call-bind: "npm:^1.0.2"
    for-each: "npm:^0.3.3"
    gopd: "npm:^1.0.1"
    has-tostringtag: "npm:^1.0.0"
  checksum: b1ba153cb37bb901c64012e256666d5a3e9ad915a1e0f12fd0c8d128f5158a88a85520d28f432ea658393f66f3520684d3c315ceedac8d348a4af067663efaaa
  languageName: node
  linkType: hard

"xml2js@npm:0.5.0":
  version: 0.5.0
  resolution: "xml2js@npm:0.5.0"
  dependencies:
    sax: "npm:>=0.6.0"
    xmlbuilder: "npm:~11.0.0"
  checksum: b85b617c918746efcf9a1039bf7fb4b13e725b3d8bfcd757b1fede152af27ad0ef3e161de731cb37bb8eb92c8f71a15171b6674afa836b11a928d4e55dd0cd2e
  languageName: node
  linkType: hard

"xmlbuilder@npm:~11.0.0":
  version: 11.0.1
  resolution: "xmlbuilder@npm:11.0.1"
  checksum: 5de9c0d9f3a376c3c8b66d2898aadcbca8ad4e41bd44551dc12e1bc3c9cb8dad2b6de4937f765d7457e3ff41a3790e8a5a7948f0e2888f7cc562eb62716a496d
  languageName: node
  linkType: hard
