# THIS IS AN AUTOGENERATED FILE. DO NOT EDIT THIS FILE DIRECTLY.
# yarn lockfile v1


"@types/aws-lambda@^8.10.92":
  version "8.10.113"
  resolved "https://registry.yarnpkg.com/@types/aws-lambda/-/aws-lambda-8.10.113.tgz#5c8434049c5944ab80ae5ff76e74b270a4795024"
  integrity sha512-JHxKRi7Nz2Bjqp0CKllm9Fl5GZwRfMF+lilSfl12ATyvBx0cRM09ztBVgebeJ8wrjJggHxxjSU2/U+SvSG+K1A==
